// !$*UTF8*$!
{
	archiveVersion = 1;
	classes = {
	};
	objectVersion = 55;
	objects = {

/* Begin PBXBuildFile section */
		B5AB1103292E77EF00C4DBCD /* AppDelegate.swift in Sources */ = {isa = PBXBuildFile; fileRef = B5AB1102292E77EF00C4DBCD /* AppDelegate.swift */; };
		B5AB1105292E77EF00C4DBCD /* SceneDelegate.swift in Sources */ = {isa = PBXBuildFile; fileRef = B5AB1104292E77EF00C4DBCD /* SceneDelegate.swift */; };
		B5AB1107292E77EF00C4DBCD /* ViewController.swift in Sources */ = {isa = PBXBuildFile; fileRef = B5AB1106292E77EF00C4DBCD /* ViewController.swift */; };
		B5AB110A292E77EF00C4DBCD /* Main.storyboard in Resources */ = {isa = PBXBuildFile; fileRef = B5AB1108292E77EF00C4DBCD /* Main.storyboard */; };
		B5AB110C292E77F100C4DBCD /* Assets.xcassets in Resources */ = {isa = PBXBuildFile; fileRef = B5AB110B292E77F100C4DBCD /* Assets.xcassets */; };
		B5AB110F292E77F100C4DBCD /* LaunchScreen.storyboard in Resources */ = {isa = PBXBuildFile; fileRef = B5AB110D292E77F100C4DBCD /* LaunchScreen.storyboard */; };
		B5AB1135292E794200C4DBCD /* HomeViewController.swift in Sources */ = {isa = PBXBuildFile; fileRef = B5AB1134292E794200C4DBCD /* HomeViewController.swift */; };
		B5AB1137292E795800C4DBCD /* HomeViewModel.swift in Sources */ = {isa = PBXBuildFile; fileRef = B5AB1136292E795800C4DBCD /* HomeViewModel.swift */; };
		B5AB113C292FDA4E00C4DBCD /* CurrencyListItemView.swift in Sources */ = {isa = PBXBuildFile; fileRef = B5AB113B292FDA4D00C4DBCD /* CurrencyListItemView.swift */; };
		B5AB11482930857700C4DBCD /* HomeModel.swift in Sources */ = {isa = PBXBuildFile; fileRef = B5AB11472930857600C4DBCD /* HomeModel.swift */; };
		B5AB114D2931147200C4DBCD /* CurrencySelectView.swift in Sources */ = {isa = PBXBuildFile; fileRef = B5AB114C2931147200C4DBCD /* CurrencySelectView.swift */; };
		B5AB11522931CA8700C4DBCD /* AppUserDefaults.swift in Sources */ = {isa = PBXBuildFile; fileRef = B5AB11512931CA8700C4DBCD /* AppUserDefaults.swift */; };
		B5AB11562932199500C4DBCD /* HomeVMTests.swift in Sources */ = {isa = PBXBuildFile; fileRef = B5AB11552932199500C4DBCD /* HomeVMTests.swift */; };
		B5AB11582932275E00C4DBCD /* GetCurrencyListAPI.swift in Sources */ = {isa = PBXBuildFile; fileRef = B5AB11572932275E00C4DBCD /* GetCurrencyListAPI.swift */; };
		B5AB11612932398F00C4DBCD /* GetLatestExchangeRateAPI.swift in Sources */ = {isa = PBXBuildFile; fileRef = B5AB11602932398F00C4DBCD /* GetLatestExchangeRateAPI.swift */; };
		B5AB11632932434F00C4DBCD /* GetCurrenciesUseCase.swift in Sources */ = {isa = PBXBuildFile; fileRef = B5AB11622932434F00C4DBCD /* GetCurrenciesUseCase.swift */; };
		B5AB11662932F5DC00C4DBCD /* OrderedCollections in Frameworks */ = {isa = PBXBuildFile; productRef = B5AB11652932F5DC00C4DBCD /* OrderedCollections */; };
		B5AB116929333EEF00C4DBCD /* TestableSubscriber.swift in Sources */ = {isa = PBXBuildFile; fileRef = B5AB116829333EEE00C4DBCD /* TestableSubscriber.swift */; };
		B5AB116E2933AFB200C4DBCD /* CurrencySelectViewTests.swift in Sources */ = {isa = PBXBuildFile; fileRef = B5AB116D2933AFB200C4DBCD /* CurrencySelectViewTests.swift */; };
		B5AB11742933B72A00C4DBCD /* GetCurrenciesUseCaseTests.swift in Sources */ = {isa = PBXBuildFile; fileRef = B5AB11732933B72A00C4DBCD /* GetCurrenciesUseCaseTests.swift */; };
		B5AB11902934CC0A00C4DBCD /* Core.h in Headers */ = {isa = PBXBuildFile; fileRef = B5AB118F2934CC0A00C4DBCD /* Core.h */; settings = {ATTRIBUTES = (Public, ); }; };
		B5AB11932934CC0A00C4DBCD /* Core.framework in Frameworks */ = {isa = PBXBuildFile; fileRef = B5AB118D2934CC0A00C4DBCD /* Core.framework */; };
		B5AB11942934CC0A00C4DBCD /* Core.framework in Embed Frameworks */ = {isa = PBXBuildFile; fileRef = B5AB118D2934CC0A00C4DBCD /* Core.framework */; settings = {ATTRIBUTES = (CodeSignOnCopy, RemoveHeadersOnCopy, ); }; };
		B5AB11982934CC1900C4DBCD /* TimeProvider.swift in Sources */ = {isa = PBXBuildFile; fileRef = B5AB11702933B56A00C4DBCD /* TimeProvider.swift */; };
		B5AB119A2934CCCE00C4DBCD /* APIError.swift in Sources */ = {isa = PBXBuildFile; fileRef = B5AB115E2932343200C4DBCD /* APIError.swift */; };
		B5AB119B2934CCD300C4DBCD /* OpenExchangeRatesApiProtocol.swift in Sources */ = {isa = PBXBuildFile; fileRef = B5AB115C29322D3700C4DBCD /* OpenExchangeRatesApiProtocol.swift */; };
		B5AB119C2934CCD800C4DBCD /* FixSafeAreaInsetsHostingController.swift in Sources */ = {isa = PBXBuildFile; fileRef = B5AB114A29310B0000C4DBCD /* FixSafeAreaInsetsHostingController.swift */; };
		B5AB119D2934CCDD00C4DBCD /* UICollectionView.swift in Sources */ = {isa = PBXBuildFile; fileRef = B5AB114329307F9700C4DBCD /* UICollectionView.swift */; };
		B5AB119E2934CCE200C4DBCD /* UIControl.swift in Sources */ = {isa = PBXBuildFile; fileRef = B5AB1141292FE32300C4DBCD /* UIControl.swift */; };
		B5AB119F2934CCE600C4DBCD /* HostingReusableView.swift in Sources */ = {isa = PBXBuildFile; fileRef = B5AB113F292FDEBD00C4DBCD /* HostingReusableView.swift */; };
		B5AB11A02934CCE900C4DBCD /* HostingCellContent.swift in Sources */ = {isa = PBXBuildFile; fileRef = B5AB113D292FDB6C00C4DBCD /* HostingCellContent.swift */; };
		B5AB11A12934CCEE00C4DBCD /* NumberInputTextField.swift in Sources */ = {isa = PBXBuildFile; fileRef = B5AB1139292F98A100C4DBCD /* NumberInputTextField.swift */; };
/* End PBXBuildFile section */

/* Begin PBXContainerItemProxy section */
		B5AB1116292E77F100C4DBCD /* PBXContainerItemProxy */ = {
			isa = PBXContainerItemProxy;
			containerPortal = B5AB10F7292E77EF00C4DBCD /* Project object */;
			proxyType = 1;
			remoteGlobalIDString = B5AB10FE292E77EF00C4DBCD;
			remoteInfo = "currency-conversion";
		};
		B5AB11912934CC0A00C4DBCD /* PBXContainerItemProxy */ = {
			isa = PBXContainerItemProxy;
			containerPortal = B5AB10F7292E77EF00C4DBCD /* Project object */;
			proxyType = 1;
			remoteGlobalIDString = B5AB118C2934CC0A00C4DBCD;
			remoteInfo = Core;
		};
/* End PBXContainerItemProxy section */

/* Begin PBXCopyFilesBuildPhase section */
		B5AB11862934CB5900C4DBCD /* Embed Frameworks */ = {
			isa = PBXCopyFilesBuildPhase;
			buildActionMask = 2147483647;
			dstPath = "";
			dstSubfolderSpec = 10;
			files = (
				B5AB11942934CC0A00C4DBCD /* Core.framework in Embed Frameworks */,
			);
			name = "Embed Frameworks";
			runOnlyForDeploymentPostprocessing = 0;
		};
/* End PBXCopyFilesBuildPhase section */

/* Begin PBXFileReference section */
		B5AB10FF292E77EF00C4DBCD /* currency-conversion.app */ = {isa = PBXFileReference; explicitFileType = wrapper.application; includeInIndex = 0; path = "currency-conversion.app"; sourceTree = BUILT_PRODUCTS_DIR; };
		B5AB1102292E77EF00C4DBCD /* AppDelegate.swift */ = {isa = PBXFileReference; lastKnownFileType = sourcecode.swift; path = AppDelegate.swift; sourceTree = "<group>"; };
		B5AB1104292E77EF00C4DBCD /* SceneDelegate.swift */ = {isa = PBXFileReference; lastKnownFileType = sourcecode.swift; path = SceneDelegate.swift; sourceTree = "<group>"; };
		B5AB1106292E77EF00C4DBCD /* ViewController.swift */ = {isa = PBXFileReference; lastKnownFileType = sourcecode.swift; path = ViewController.swift; sourceTree = "<group>"; };
		B5AB1109292E77EF00C4DBCD /* Base */ = {isa = PBXFileReference; lastKnownFileType = file.storyboard; name = Base; path = Base.lproj/Main.storyboard; sourceTree = "<group>"; };
		B5AB110B292E77F100C4DBCD /* Assets.xcassets */ = {isa = PBXFileReference; lastKnownFileType = folder.assetcatalog; path = Assets.xcassets; sourceTree = "<group>"; };
		B5AB110E292E77F100C4DBCD /* Base */ = {isa = PBXFileReference; lastKnownFileType = file.storyboard; name = Base; path = Base.lproj/LaunchScreen.storyboard; sourceTree = "<group>"; };
		B5AB1110292E77F100C4DBCD /* Info.plist */ = {isa = PBXFileReference; lastKnownFileType = text.plist.xml; path = Info.plist; sourceTree = "<group>"; };
		B5AB1115292E77F100C4DBCD /* currency-conversionTests.xctest */ = {isa = PBXFileReference; explicitFileType = wrapper.cfbundle; includeInIndex = 0; path = "currency-conversionTests.xctest"; sourceTree = BUILT_PRODUCTS_DIR; };
		B5AB1134292E794200C4DBCD /* HomeViewController.swift */ = {isa = PBXFileReference; lastKnownFileType = sourcecode.swift; path = HomeViewController.swift; sourceTree = "<group>"; };
		B5AB1136292E795800C4DBCD /* HomeViewModel.swift */ = {isa = PBXFileReference; lastKnownFileType = sourcecode.swift; path = HomeViewModel.swift; sourceTree = "<group>"; };
		B5AB1139292F98A100C4DBCD /* NumberInputTextField.swift */ = {isa = PBXFileReference; lastKnownFileType = sourcecode.swift; path = NumberInputTextField.swift; sourceTree = "<group>"; };
		B5AB113B292FDA4D00C4DBCD /* CurrencyListItemView.swift */ = {isa = PBXFileReference; lastKnownFileType = sourcecode.swift; path = CurrencyListItemView.swift; sourceTree = "<group>"; };
		B5AB113D292FDB6C00C4DBCD /* HostingCellContent.swift */ = {isa = PBXFileReference; lastKnownFileType = sourcecode.swift; path = HostingCellContent.swift; sourceTree = "<group>"; };
		B5AB113F292FDEBD00C4DBCD /* HostingReusableView.swift */ = {isa = PBXFileReference; lastKnownFileType = sourcecode.swift; path = HostingReusableView.swift; sourceTree = "<group>"; };
		B5AB1141292FE32300C4DBCD /* UIControl.swift */ = {isa = PBXFileReference; lastKnownFileType = sourcecode.swift; path = UIControl.swift; sourceTree = "<group>"; };
		B5AB114329307F9700C4DBCD /* UICollectionView.swift */ = {isa = PBXFileReference; lastKnownFileType = sourcecode.swift; path = UICollectionView.swift; sourceTree = "<group>"; };
		B5AB11472930857600C4DBCD /* HomeModel.swift */ = {isa = PBXFileReference; lastKnownFileType = sourcecode.swift; path = HomeModel.swift; sourceTree = "<group>"; };
		B5AB114A29310B0000C4DBCD /* FixSafeAreaInsetsHostingController.swift */ = {isa = PBXFileReference; lastKnownFileType = sourcecode.swift; path = FixSafeAreaInsetsHostingController.swift; sourceTree = "<group>"; };
		B5AB114C2931147200C4DBCD /* CurrencySelectView.swift */ = {isa = PBXFileReference; lastKnownFileType = sourcecode.swift; path = CurrencySelectView.swift; sourceTree = "<group>"; };
		B5AB11512931CA8700C4DBCD /* AppUserDefaults.swift */ = {isa = PBXFileReference; lastKnownFileType = sourcecode.swift; path = AppUserDefaults.swift; sourceTree = "<group>"; };
		B5AB11552932199500C4DBCD /* HomeVMTests.swift */ = {isa = PBXFileReference; lastKnownFileType = sourcecode.swift; path = HomeVMTests.swift; sourceTree = "<group>"; };
		B5AB11572932275E00C4DBCD /* GetCurrencyListAPI.swift */ = {isa = PBXFileReference; lastKnownFileType = sourcecode.swift; path = GetCurrencyListAPI.swift; sourceTree = "<group>"; };
		B5AB115C29322D3700C4DBCD /* OpenExchangeRatesApiProtocol.swift */ = {isa = PBXFileReference; lastKnownFileType = sourcecode.swift; path = OpenExchangeRatesApiProtocol.swift; sourceTree = "<group>"; };
		B5AB115E2932343200C4DBCD /* APIError.swift */ = {isa = PBXFileReference; lastKnownFileType = sourcecode.swift; path = APIError.swift; sourceTree = "<group>"; };
		B5AB11602932398F00C4DBCD /* GetLatestExchangeRateAPI.swift */ = {isa = PBXFileReference; lastKnownFileType = sourcecode.swift; path = GetLatestExchangeRateAPI.swift; sourceTree = "<group>"; };
		B5AB11622932434F00C4DBCD /* GetCurrenciesUseCase.swift */ = {isa = PBXFileReference; lastKnownFileType = sourcecode.swift; path = GetCurrenciesUseCase.swift; sourceTree = "<group>"; };
		B5AB116829333EEE00C4DBCD /* TestableSubscriber.swift */ = {isa = PBXFileReference; lastKnownFileType = sourcecode.swift; path = TestableSubscriber.swift; sourceTree = "<group>"; };
		B5AB116D2933AFB200C4DBCD /* CurrencySelectViewTests.swift */ = {isa = PBXFileReference; lastKnownFileType = sourcecode.swift; path = CurrencySelectViewTests.swift; sourceTree = "<group>"; };
		B5AB11702933B56A00C4DBCD /* TimeProvider.swift */ = {isa = PBXFileReference; lastKnownFileType = sourcecode.swift; path = TimeProvider.swift; sourceTree = "<group>"; };
		B5AB11732933B72A00C4DBCD /* GetCurrenciesUseCaseTests.swift */ = {isa = PBXFileReference; lastKnownFileType = sourcecode.swift; path = GetCurrenciesUseCaseTests.swift; sourceTree = "<group>"; };
		B5AB118D2934CC0A00C4DBCD /* Core.framework */ = {isa = PBXFileReference; explicitFileType = wrapper.framework; includeInIndex = 0; path = Core.framework; sourceTree = BUILT_PRODUCTS_DIR; };
		B5AB118F2934CC0A00C4DBCD /* Core.h */ = {isa = PBXFileReference; lastKnownFileType = sourcecode.c.h; path = Core.h; sourceTree = "<group>"; };
/* End PBXFileReference section */

/* Begin PBXFrameworksBuildPhase section */
		B5AB10FC292E77EF00C4DBCD /* Frameworks */ = {
			isa = PBXFrameworksBuildPhase;
			buildActionMask = 2147483647;
			files = (
				B5AB11662932F5DC00C4DBCD /* OrderedCollections in Frameworks */,
				B5AB11932934CC0A00C4DBCD /* Core.framework in Frameworks */,
			);
			runOnlyForDeploymentPostprocessing = 0;
		};
		B5AB1112292E77F100C4DBCD /* Frameworks */ = {
			isa = PBXFrameworksBuildPhase;
			buildActionMask = 2147483647;
			files = (
			);
			runOnlyForDeploymentPostprocessing = 0;
		};
		B5AB118A2934CC0A00C4DBCD /* Frameworks */ = {
			isa = PBXFrameworksBuildPhase;
			buildActionMask = 2147483647;
			files = (
			);
			runOnlyForDeploymentPostprocessing = 0;
		};
/* End PBXFrameworksBuildPhase section */

/* Begin PBXGroup section */
		B5AB10F6292E77EF00C4DBCD = {
			isa = PBXGroup;
			children = (
				B5AB1101292E77EF00C4DBCD /* currency-conversion */,
				B5AB1118292E77F100C4DBCD /* currency-conversionTests */,
				B5AB118E2934CC0A00C4DBCD /* Core */,
				B5AB1100292E77EF00C4DBCD /* Products */,
			);
			sourceTree = "<group>";
		};
		B5AB1100292E77EF00C4DBCD /* Products */ = {
			isa = PBXGroup;
			children = (
				B5AB10FF292E77EF00C4DBCD /* currency-conversion.app */,
				B5AB1115292E77F100C4DBCD /* currency-conversionTests.xctest */,
				B5AB118D2934CC0A00C4DBCD /* Core.framework */,
			);
			name = Products;
			sourceTree = "<group>";
		};
		B5AB1101292E77EF00C4DBCD /* currency-conversion */ = {
			isa = PBXGroup;
			children = (
				B5AB11502931CA3800C4DBCD /* UserDefaults */,
				B5AB114F2931C5AB00C4DBCD /* API */,
				B5AB114E2931C4EF00C4DBCD /* UseCase */,
				B5AB1132292E782200C4DBCD /* Feature */,
				B5AB1102292E77EF00C4DBCD /* AppDelegate.swift */,
				B5AB1104292E77EF00C4DBCD /* SceneDelegate.swift */,
				B5AB1106292E77EF00C4DBCD /* ViewController.swift */,
				B5AB1108292E77EF00C4DBCD /* Main.storyboard */,
				B5AB110B292E77F100C4DBCD /* Assets.xcassets */,
				B5AB110D292E77F100C4DBCD /* LaunchScreen.storyboard */,
				B5AB1110292E77F100C4DBCD /* Info.plist */,
			);
			path = "currency-conversion";
			sourceTree = "<group>";
		};
		B5AB1118292E77F100C4DBCD /* currency-conversionTests */ = {
			isa = PBXGroup;
			children = (
				B5AB116729333E6700C4DBCD /* Utils */,
				B5AB11532932190D00C4DBCD /* Feature */,
			);
			path = "currency-conversionTests";
			sourceTree = "<group>";
		};
		B5AB1132292E782200C4DBCD /* Feature */ = {
			isa = PBXGroup;
			children = (
				B5AB1149293085DC00C4DBCD /* CurrencySelectView */,
				B5AB1138292E7AAE00C4DBCD /* Home */,
			);
			path = Feature;
			sourceTree = "<group>";
		};
		B5AB1133292E790300C4DBCD /* CommonView */ = {
			isa = PBXGroup;
			children = (
				B5AB1139292F98A100C4DBCD /* NumberInputTextField.swift */,
				B5AB113D292FDB6C00C4DBCD /* HostingCellContent.swift */,
				B5AB113F292FDEBD00C4DBCD /* HostingReusableView.swift */,
				B5AB1141292FE32300C4DBCD /* UIControl.swift */,
				B5AB114329307F9700C4DBCD /* UICollectionView.swift */,
				B5AB114A29310B0000C4DBCD /* FixSafeAreaInsetsHostingController.swift */,
			);
			path = CommonView;
			sourceTree = "<group>";
		};
		B5AB1138292E7AAE00C4DBCD /* Home */ = {
			isa = PBXGroup;
			children = (
				B5AB1134292E794200C4DBCD /* HomeViewController.swift */,
				B5AB1136292E795800C4DBCD /* HomeViewModel.swift */,
				B5AB113B292FDA4D00C4DBCD /* CurrencyListItemView.swift */,
				B5AB11472930857600C4DBCD /* HomeModel.swift */,
			);
			path = Home;
			sourceTree = "<group>";
		};
		B5AB1149293085DC00C4DBCD /* CurrencySelectView */ = {
			isa = PBXGroup;
			children = (
				B5AB114C2931147200C4DBCD /* CurrencySelectView.swift */,
			);
			path = CurrencySelectView;
			sourceTree = "<group>";
		};
		B5AB114E2931C4EF00C4DBCD /* UseCase */ = {
			isa = PBXGroup;
			children = (
				B5AB11622932434F00C4DBCD /* GetCurrenciesUseCase.swift */,
			);
			path = UseCase;
			sourceTree = "<group>";
		};
		B5AB114F2931C5AB00C4DBCD /* API */ = {
			isa = PBXGroup;
			children = (
				B5AB11572932275E00C4DBCD /* GetCurrencyListAPI.swift */,
				B5AB11602932398F00C4DBCD /* GetLatestExchangeRateAPI.swift */,
			);
			path = API;
			sourceTree = "<group>";
		};
		B5AB11502931CA3800C4DBCD /* UserDefaults */ = {
			isa = PBXGroup;
			children = (
				B5AB11512931CA8700C4DBCD /* AppUserDefaults.swift */,
			);
			path = UserDefaults;
			sourceTree = "<group>";
		};
		B5AB11532932190D00C4DBCD /* Feature */ = {
			isa = PBXGroup;
			children = (
				B5AB11722933B70500C4DBCD /* UseCae */,
				B5AB116C2933AF9400C4DBCD /* CurrencySelectView */,
				B5AB11542932191C00C4DBCD /* Home */,
			);
			path = Feature;
			sourceTree = "<group>";
		};
		B5AB11542932191C00C4DBCD /* Home */ = {
			isa = PBXGroup;
			children = (
				B5AB11552932199500C4DBCD /* HomeVMTests.swift */,
			);
			path = Home;
			sourceTree = "<group>";
		};
		B5AB116729333E6700C4DBCD /* Utils */ = {
			isa = PBXGroup;
			children = (
				B5AB116829333EEE00C4DBCD /* TestableSubscriber.swift */,
			);
			path = Utils;
			sourceTree = "<group>";
		};
		B5AB116C2933AF9400C4DBCD /* CurrencySelectView */ = {
			isa = PBXGroup;
			children = (
				B5AB116D2933AFB200C4DBCD /* CurrencySelectViewTests.swift */,
			);
			path = CurrencySelectView;
			sourceTree = "<group>";
		};
		B5AB116F2933B53300C4DBCD /* Utilities */ = {
			isa = PBXGroup;
			children = (
				B5AB11702933B56A00C4DBCD /* TimeProvider.swift */,
			);
			path = Utilities;
			sourceTree = "<group>";
		};
		B5AB11722933B70500C4DBCD /* UseCae */ = {
			isa = PBXGroup;
			children = (
				B5AB11732933B72A00C4DBCD /* GetCurrenciesUseCaseTests.swift */,
			);
			path = UseCae;
			sourceTree = "<group>";
		};
		B5AB118E2934CC0A00C4DBCD /* Core */ = {
			isa = PBXGroup;
			children = (
				B5AB1133292E790300C4DBCD /* CommonView */,
				B5AB11992934CC2700C4DBCD /* API */,
				B5AB116F2933B53300C4DBCD /* Utilities */,
				B5AB118F2934CC0A00C4DBCD /* Core.h */,
			);
			path = Core;
			sourceTree = "<group>";
		};
		B5AB11992934CC2700C4DBCD /* API */ = {
			isa = PBXGroup;
			children = (
				B5AB115C29322D3700C4DBCD /* OpenExchangeRatesApiProtocol.swift */,
				B5AB115E2932343200C4DBCD /* APIError.swift */,
			);
			path = API;
			sourceTree = "<group>";
		};
/* End PBXGroup section */

/* Begin PBXHeadersBuildPhase section */
		B5AB11882934CC0A00C4DBCD /* Headers */ = {
			isa = PBXHeadersBuildPhase;
			buildActionMask = 2147483647;
			files = (
				B5AB11902934CC0A00C4DBCD /* Core.h in Headers */,
			);
			runOnlyForDeploymentPostprocessing = 0;
		};
/* End PBXHeadersBuildPhase section */

/* Begin PBXNativeTarget section */
		B5AB10FE292E77EF00C4DBCD /* currency-conversion */ = {
			isa = PBXNativeTarget;
			buildConfigurationList = B5AB1129292E77F100C4DBCD /* Build configuration list for PBXNativeTarget "currency-conversion" */;
			buildPhases = (
				B5AB10FB292E77EF00C4DBCD /* Sources */,
				B5AB10FC292E77EF00C4DBCD /* Frameworks */,
				B5AB10FD292E77EF00C4DBCD /* Resources */,
				B5AB11862934CB5900C4DBCD /* Embed Frameworks */,
			);
			buildRules = (
			);
			dependencies = (
				B5AB11922934CC0A00C4DBCD /* PBXTargetDependency */,
			);
			name = "currency-conversion";
			packageProductDependencies = (
				B5AB11652932F5DC00C4DBCD /* OrderedCollections */,
			);
			productName = "currency-conversion";
			productReference = B5AB10FF292E77EF00C4DBCD /* currency-conversion.app */;
			productType = "com.apple.product-type.application";
		};
		B5AB1114292E77F100C4DBCD /* currency-conversionTests */ = {
			isa = PBXNativeTarget;
			buildConfigurationList = B5AB112C292E77F100C4DBCD /* Build configuration list for PBXNativeTarget "currency-conversionTests" */;
			buildPhases = (
				B5AB1111292E77F100C4DBCD /* Sources */,
				B5AB1112292E77F100C4DBCD /* Frameworks */,
				B5AB1113292E77F100C4DBCD /* Resources */,
			);
			buildRules = (
			);
			dependencies = (
				B5AB1117292E77F100C4DBCD /* PBXTargetDependency */,
			);
			name = "currency-conversionTests";
			productName = "currency-conversionTests";
			productReference = B5AB1115292E77F100C4DBCD /* currency-conversionTests.xctest */;
			productType = "com.apple.product-type.bundle.unit-test";
		};
		B5AB118C2934CC0A00C4DBCD /* Core */ = {
			isa = PBXNativeTarget;
			buildConfigurationList = B5AB11952934CC0A00C4DBCD /* Build configuration list for PBXNativeTarget "Core" */;
			buildPhases = (
				B5AB11882934CC0A00C4DBCD /* Headers */,
				B5AB11892934CC0A00C4DBCD /* Sources */,
				B5AB118A2934CC0A00C4DBCD /* Frameworks */,
				B5AB118B2934CC0A00C4DBCD /* Resources */,
			);
			buildRules = (
			);
			dependencies = (
			);
			name = Core;
			productName = Core;
			productReference = B5AB118D2934CC0A00C4DBCD /* Core.framework */;
			productType = "com.apple.product-type.framework";
		};
/* End PBXNativeTarget section */

/* Begin PBXProject section */
		B5AB10F7292E77EF00C4DBCD /* Project object */ = {
			isa = PBXProject;
			attributes = {
				BuildIndependentTargetsInParallel = 1;
				LastSwiftUpdateCheck = 1310;
				LastUpgradeCheck = 1310;
				TargetAttributes = {
					B5AB10FE292E77EF00C4DBCD = {
						CreatedOnToolsVersion = 13.1;
					};
					B5AB1114292E77F100C4DBCD = {
						CreatedOnToolsVersion = 13.1;
						TestTargetID = B5AB10FE292E77EF00C4DBCD;
					};
					B5AB118C2934CC0A00C4DBCD = {
						CreatedOnToolsVersion = 13.1;
					};
				};
			};
			buildConfigurationList = B5AB10FA292E77EF00C4DBCD /* Build configuration list for PBXProject "currency-conversion" */;
			compatibilityVersion = "Xcode 13.0";
			developmentRegion = en;
			hasScannedForEncodings = 0;
			knownRegions = (
				en,
				Base,
			);
			mainGroup = B5AB10F6292E77EF00C4DBCD;
			packageReferences = (
				B5AB11642932F5DC00C4DBCD /* XCRemoteSwiftPackageReference "swift-collections" */,
			);
			productRefGroup = B5AB1100292E77EF00C4DBCD /* Products */;
			projectDirPath = "";
			projectRoot = "";
			targets = (
				B5AB10FE292E77EF00C4DBCD /* currency-conversion */,
				B5AB1114292E77F100C4DBCD /* currency-conversionTests */,
				B5AB118C2934CC0A00C4DBCD /* Core */,
			);
		};
/* End PBXProject section */

/* Begin PBXResourcesBuildPhase section */
		B5AB10FD292E77EF00C4DBCD /* Resources */ = {
			isa = PBXResourcesBuildPhase;
			buildActionMask = 2147483647;
			files = (
				B5AB110F292E77F100C4DBCD /* LaunchScreen.storyboard in Resources */,
				B5AB110C292E77F100C4DBCD /* Assets.xcassets in Resources */,
				B5AB110A292E77EF00C4DBCD /* Main.storyboard in Resources */,
			);
			runOnlyForDeploymentPostprocessing = 0;
		};
		B5AB1113292E77F100C4DBCD /* Resources */ = {
			isa = PBXResourcesBuildPhase;
			buildActionMask = 2147483647;
			files = (
			);
			runOnlyForDeploymentPostprocessing = 0;
		};
		B5AB118B2934CC0A00C4DBCD /* Resources */ = {
			isa = PBXResourcesBuildPhase;
			buildActionMask = 2147483647;
			files = (
			);
			runOnlyForDeploymentPostprocessing = 0;
		};
/* End PBXResourcesBuildPhase section */

/* Begin PBXSourcesBuildPhase section */
		B5AB10FB292E77EF00C4DBCD /* Sources */ = {
			isa = PBXSourcesBuildPhase;
			buildActionMask = 2147483647;
			files = (
				B5AB1135292E794200C4DBCD /* HomeViewController.swift in Sources */,
				B5AB114D2931147200C4DBCD /* CurrencySelectView.swift in Sources */,
				B5AB113C292FDA4E00C4DBCD /* CurrencyListItemView.swift in Sources */,
				B5AB1107292E77EF00C4DBCD /* ViewController.swift in Sources */,
				B5AB1137292E795800C4DBCD /* HomeViewModel.swift in Sources */,
				B5AB11612932398F00C4DBCD /* GetLatestExchangeRateAPI.swift in Sources */,
				B5AB1103292E77EF00C4DBCD /* AppDelegate.swift in Sources */,
				B5AB11482930857700C4DBCD /* HomeModel.swift in Sources */,
				B5AB1105292E77EF00C4DBCD /* SceneDelegate.swift in Sources */,
				B5AB11522931CA8700C4DBCD /* AppUserDefaults.swift in Sources */,
				B5AB11632932434F00C4DBCD /* GetCurrenciesUseCase.swift in Sources */,
				B5AB11582932275E00C4DBCD /* GetCurrencyListAPI.swift in Sources */,
			);
			runOnlyForDeploymentPostprocessing = 0;
		};
		B5AB1111292E77F100C4DBCD /* Sources */ = {
			isa = PBXSourcesBuildPhase;
			buildActionMask = 2147483647;
			files = (
				B5AB11562932199500C4DBCD /* HomeVMTests.swift in Sources */,
				B5AB11742933B72A00C4DBCD /* GetCurrenciesUseCaseTests.swift in Sources */,
				B5AB116929333EEF00C4DBCD /* TestableSubscriber.swift in Sources */,
				B5AB116E2933AFB200C4DBCD /* CurrencySelectViewTests.swift in Sources */,
			);
			runOnlyForDeploymentPostprocessing = 0;
		};
		B5AB11892934CC0A00C4DBCD /* Sources */ = {
			isa = PBXSourcesBuildPhase;
			buildActionMask = 2147483647;
			files = (
				B5AB119D2934CCDD00C4DBCD /* UICollectionView.swift in Sources */,
				B5AB119C2934CCD800C4DBCD /* FixSafeAreaInsetsHostingController.swift in Sources */,
				B5AB11A02934CCE900C4DBCD /* HostingCellContent.swift in Sources */,
				B5AB11982934CC1900C4DBCD /* TimeProvider.swift in Sources */,
				B5AB11A12934CCEE00C4DBCD /* NumberInputTextField.swift in Sources */,
				B5AB119B2934CCD300C4DBCD /* OpenExchangeRatesApiProtocol.swift in Sources */,
				B5AB119F2934CCE600C4DBCD /* HostingReusableView.swift in Sources */,
				B5AB119A2934CCCE00C4DBCD /* APIError.swift in Sources */,
				B5AB119E2934CCE200C4DBCD /* UIControl.swift in Sources */,
			);
			runOnlyForDeploymentPostprocessing = 0;
		};
/* End PBXSourcesBuildPhase section */

/* Begin PBXTargetDependency section */
		B5AB1117292E77F100C4DBCD /* PBXTargetDependency */ = {
			isa = PBXTargetDependency;
			target = B5AB10FE292E77EF00C4DBCD /* currency-conversion */;
			targetProxy = B5AB1116292E77F100C4DBCD /* PBXContainerItemProxy */;
		};
		B5AB11922934CC0A00C4DBCD /* PBXTargetDependency */ = {
			isa = PBXTargetDependency;
			target = B5AB118C2934CC0A00C4DBCD /* Core */;
			targetProxy = B5AB11912934CC0A00C4DBCD /* PBXContainerItemProxy */;
		};
/* End PBXTargetDependency section */

/* Begin PBXVariantGroup section */
		B5AB1108292E77EF00C4DBCD /* Main.storyboard */ = {
			isa = PBXVariantGroup;
			children = (
				B5AB1109292E77EF00C4DBCD /* Base */,
			);
			name = Main.storyboard;
			sourceTree = "<group>";
		};
		B5AB110D292E77F100C4DBCD /* LaunchScreen.storyboard */ = {
			isa = PBXVariantGroup;
			children = (
				B5AB110E292E77F100C4DBCD /* Base */,
			);
			name = LaunchScreen.storyboard;
			sourceTree = "<group>";
		};
/* End PBXVariantGroup section */

/* Begin XCBuildConfiguration section */
		B5AB1127292E77F100C4DBCD /* Debug */ = {
			isa = XCBuildConfiguration;
			buildSettings = {
				ALWAYS_SEARCH_USER_PATHS = NO;
				CLANG_ANALYZER_NONNULL = YES;
				CLANG_ANALYZER_NUMBER_OBJECT_CONVERSION = YES_AGGRESSIVE;
				CLANG_CXX_LANGUAGE_STANDARD = "gnu++17";
				CLANG_CXX_LIBRARY = "libc++";
				CLANG_ENABLE_MODULES = YES;
				CLANG_ENABLE_OBJC_ARC = YES;
				CLANG_ENABLE_OBJC_WEAK = YES;
				CLANG_WARN_BLOCK_CAPTURE_AUTORELEASING = YES;
				CLANG_WARN_BOOL_CONVERSION = YES;
				CLANG_WARN_COMMA = YES;
				CLANG_WARN_CONSTANT_CONVERSION = YES;
				CLANG_WARN_DEPRECATED_OBJC_IMPLEMENTATIONS = YES;
				CLANG_WARN_DIRECT_OBJC_ISA_USAGE = YES_ERROR;
				CLANG_WARN_DOCUMENTATION_COMMENTS = YES;
				CLANG_WARN_EMPTY_BODY = YES;
				CLANG_WARN_ENUM_CONVERSION = YES;
				CLANG_WARN_INFINITE_RECURSION = YES;
				CLANG_WARN_INT_CONVERSION = YES;
				CLANG_WARN_NON_LITERAL_NULL_CONVERSION = YES;
				CLANG_WARN_OBJC_IMPLICIT_RETAIN_SELF = YES;
				CLANG_WARN_OBJC_LITERAL_CONVERSION = YES;
				CLANG_WARN_OBJC_ROOT_CLASS = YES_ERROR;
				CLANG_WARN_QUOTED_INCLUDE_IN_FRAMEWORK_HEADER = YES;
				CLANG_WARN_RANGE_LOOP_ANALYSIS = YES;
				CLANG_WARN_STRICT_PROTOTYPES = YES;
				CLANG_WARN_SUSPICIOUS_MOVE = YES;
				CLANG_WARN_UNGUARDED_AVAILABILITY = YES_AGGRESSIVE;
				CLANG_WARN_UNREACHABLE_CODE = YES;
				CLANG_WARN__DUPLICATE_METHOD_MATCH = YES;
				COPY_PHASE_STRIP = NO;
				DEBUG_INFORMATION_FORMAT = dwarf;
				ENABLE_STRICT_OBJC_MSGSEND = YES;
				ENABLE_TESTABILITY = YES;
				GCC_C_LANGUAGE_STANDARD = gnu11;
				GCC_DYNAMIC_NO_PIC = NO;
				GCC_NO_COMMON_BLOCKS = YES;
				GCC_OPTIMIZATION_LEVEL = 0;
				GCC_PREPROCESSOR_DEFINITIONS = (
					"DEBUG=1",
					"$(inherited)",
				);
				GCC_WARN_64_TO_32_BIT_CONVERSION = YES;
				GCC_WARN_ABOUT_RETURN_TYPE = YES_ERROR;
				GCC_WARN_UNDECLARED_SELECTOR = YES;
				GCC_WARN_UNINITIALIZED_AUTOS = YES_AGGRESSIVE;
				GCC_WARN_UNUSED_FUNCTION = YES;
				GCC_WARN_UNUSED_VARIABLE = YES;
				IPHONEOS_DEPLOYMENT_TARGET = 15.0;
				MTL_ENABLE_DEBUG_INFO = INCLUDE_SOURCE;
				MTL_FAST_MATH = YES;
				ONLY_ACTIVE_ARCH = YES;
				SDKROOT = iphoneos;
				SWIFT_ACTIVE_COMPILATION_CONDITIONS = DEBUG;
				SWIFT_OPTIMIZATION_LEVEL = "-Onone";
			};
			name = Debug;
		};
		B5AB1128292E77F100C4DBCD /* Release */ = {
			isa = XCBuildConfiguration;
			buildSettings = {
				ALWAYS_SEARCH_USER_PATHS = NO;
				CLANG_ANALYZER_NONNULL = YES;
				CLANG_ANALYZER_NUMBER_OBJECT_CONVERSION = YES_AGGRESSIVE;
				CLANG_CXX_LANGUAGE_STANDARD = "gnu++17";
				CLANG_CXX_LIBRARY = "libc++";
				CLANG_ENABLE_MODULES = YES;
				CLANG_ENABLE_OBJC_ARC = YES;
				CLANG_ENABLE_OBJC_WEAK = YES;
				CLANG_WARN_BLOCK_CAPTURE_AUTORELEASING = YES;
				CLANG_WARN_BOOL_CONVERSION = YES;
				CLANG_WARN_COMMA = YES;
				CLANG_WARN_CONSTANT_CONVERSION = YES;
				CLANG_WARN_DEPRECATED_OBJC_IMPLEMENTATIONS = YES;
				CLANG_WARN_DIRECT_OBJC_ISA_USAGE = YES_ERROR;
				CLANG_WARN_DOCUMENTATION_COMMENTS = YES;
				CLANG_WARN_EMPTY_BODY = YES;
				CLANG_WARN_ENUM_CONVERSION = YES;
				CLANG_WARN_INFINITE_RECURSION = YES;
				CLANG_WARN_INT_CONVERSION = YES;
				CLANG_WARN_NON_LITERAL_NULL_CONVERSION = YES;
				CLANG_WARN_OBJC_IMPLICIT_RETAIN_SELF = YES;
				CLANG_WARN_OBJC_LITERAL_CONVERSION = YES;
				CLANG_WARN_OBJC_ROOT_CLASS = YES_ERROR;
				CLANG_WARN_QUOTED_INCLUDE_IN_FRAMEWORK_HEADER = YES;
				CLANG_WARN_RANGE_LOOP_ANALYSIS = YES;
				CLANG_WARN_STRICT_PROTOTYPES = YES;
				CLANG_WARN_SUSPICIOUS_MOVE = YES;
				CLANG_WARN_UNGUARDED_AVAILABILITY = YES_AGGRESSIVE;
				CLANG_WARN_UNREACHABLE_CODE = YES;
				CLANG_WARN__DUPLICATE_METHOD_MATCH = YES;
				COPY_PHASE_STRIP = NO;
				DEBUG_INFORMATION_FORMAT = "dwarf-with-dsym";
				ENABLE_NS_ASSERTIONS = NO;
				ENABLE_STRICT_OBJC_MSGSEND = YES;
				GCC_C_LANGUAGE_STANDARD = gnu11;
				GCC_NO_COMMON_BLOCKS = YES;
				GCC_WARN_64_TO_32_BIT_CONVERSION = YES;
				GCC_WARN_ABOUT_RETURN_TYPE = YES_ERROR;
				GCC_WARN_UNDECLARED_SELECTOR = YES;
				GCC_WARN_UNINITIALIZED_AUTOS = YES_AGGRESSIVE;
				GCC_WARN_UNUSED_FUNCTION = YES;
				GCC_WARN_UNUSED_VARIABLE = YES;
				IPHONEOS_DEPLOYMENT_TARGET = 15.0;
				MTL_ENABLE_DEBUG_INFO = NO;
				MTL_FAST_MATH = YES;
				SDKROOT = iphoneos;
				SWIFT_COMPILATION_MODE = wholemodule;
				SWIFT_OPTIMIZATION_LEVEL = "-O";
				VALIDATE_PRODUCT = YES;
			};
			name = Release;
		};
		B5AB112A292E77F100C4DBCD /* Debug */ = {
			isa = XCBuildConfiguration;
			buildSettings = {
				ALWAYS_EMBED_SWIFT_STANDARD_LIBRARIES = YES;
				ASSETCATALOG_COMPILER_APPICON_NAME = AppIcon;
				ASSETCATALOG_COMPILER_GLOBAL_ACCENT_COLOR_NAME = AccentColor;
				CODE_SIGN_STYLE = Automatic;
				CURRENT_PROJECT_VERSION = 1;
				DEVELOPMENT_TEAM = 95W8W38P3C;
				GENERATE_INFOPLIST_FILE = YES;
				INFOPLIST_FILE = "currency-conversion/Info.plist";
				INFOPLIST_KEY_UIApplicationSupportsIndirectInputEvents = YES;
				INFOPLIST_KEY_UILaunchStoryboardName = LaunchScreen;
				INFOPLIST_KEY_UIMainStoryboardFile = Main;
				INFOPLIST_KEY_UISupportedInterfaceOrientations_iPad = "UIInterfaceOrientationPortrait UIInterfaceOrientationPortraitUpsideDown UIInterfaceOrientationLandscapeLeft UIInterfaceOrientationLandscapeRight";
				INFOPLIST_KEY_UISupportedInterfaceOrientations_iPhone = "UIInterfaceOrientationPortrait UIInterfaceOrientationLandscapeLeft UIInterfaceOrientationLandscapeRight";
				LD_RUNPATH_SEARCH_PATHS = (
					"$(inherited)",
					"@executable_path/Frameworks",
				);
				MARKETING_VERSION = 1.0;
				PRODUCT_BUNDLE_IDENTIFIER = "benleung.currency-conversion";
				PRODUCT_NAME = "$(TARGET_NAME)";
				SWIFT_EMIT_LOC_STRINGS = YES;
				SWIFT_VERSION = 5.0;
				TARGETED_DEVICE_FAMILY = 1;
			};
			name = Debug;
		};
		B5AB112B292E77F100C4DBCD /* Release */ = {
			isa = XCBuildConfiguration;
			buildSettings = {
				ALWAYS_EMBED_SWIFT_STANDARD_LIBRARIES = YES;
				ASSETCATALOG_COMPILER_APPICON_NAME = AppIcon;
				ASSETCATALOG_COMPILER_GLOBAL_ACCENT_COLOR_NAME = AccentColor;
				CODE_SIGN_STYLE = Automatic;
				CURRENT_PROJECT_VERSION = 1;
				DEVELOPMENT_TEAM = 95W8W38P3C;
				GENERATE_INFOPLIST_FILE = YES;
				INFOPLIST_FILE = "currency-conversion/Info.plist";
				INFOPLIST_KEY_UIApplicationSupportsIndirectInputEvents = YES;
				INFOPLIST_KEY_UILaunchStoryboardName = LaunchScreen;
				INFOPLIST_KEY_UIMainStoryboardFile = Main;
				INFOPLIST_KEY_UISupportedInterfaceOrientations_iPad = "UIInterfaceOrientationPortrait UIInterfaceOrientationPortraitUpsideDown UIInterfaceOrientationLandscapeLeft UIInterfaceOrientationLandscapeRight";
				INFOPLIST_KEY_UISupportedInterfaceOrientations_iPhone = "UIInterfaceOrientationPortrait UIInterfaceOrientationLandscapeLeft UIInterfaceOrientationLandscapeRight";
				LD_RUNPATH_SEARCH_PATHS = (
					"$(inherited)",
					"@executable_path/Frameworks",
				);
				MARKETING_VERSION = 1.0;
				PRODUCT_BUNDLE_IDENTIFIER = "benleung.currency-conversion";
				PRODUCT_NAME = "$(TARGET_NAME)";
				SWIFT_EMIT_LOC_STRINGS = YES;
				SWIFT_VERSION = 5.0;
				TARGETED_DEVICE_FAMILY = 1;
			};
			name = Release;
		};
		B5AB112D292E77F100C4DBCD /* Debug */ = {
			isa = XCBuildConfiguration;
			buildSettings = {
				ALWAYS_EMBED_SWIFT_STANDARD_LIBRARIES = YES;
				BUNDLE_LOADER = "$(TEST_HOST)";
				CODE_SIGN_STYLE = Automatic;
				CURRENT_PROJECT_VERSION = 1;
				DEVELOPMENT_TEAM = 95W8W38P3C;
				GENERATE_INFOPLIST_FILE = YES;
				IPHONEOS_DEPLOYMENT_TARGET = 15.0;
				LD_RUNPATH_SEARCH_PATHS = (
					"$(inherited)",
					"@executable_path/Frameworks",
					"@loader_path/Frameworks",
				);
				MARKETING_VERSION = 1.0;
				PRODUCT_BUNDLE_IDENTIFIER = "benleung.currency-conversionTests";
				PRODUCT_NAME = "$(TARGET_NAME)";
				SWIFT_EMIT_LOC_STRINGS = NO;
				SWIFT_VERSION = 5.0;
				TARGETED_DEVICE_FAMILY = "1,2";
				TEST_HOST = "$(BUILT_PRODUCTS_DIR)/currency-conversion.app/currency-conversion";
			};
			name = Debug;
		};
		B5AB112E292E77F100C4DBCD /* Release */ = {
			isa = XCBuildConfiguration;
			buildSettings = {
				ALWAYS_EMBED_SWIFT_STANDARD_LIBRARIES = YES;
				BUNDLE_LOADER = "$(TEST_HOST)";
				CODE_SIGN_STYLE = Automatic;
				CURRENT_PROJECT_VERSION = 1;
				DEVELOPMENT_TEAM = 95W8W38P3C;
				GENERATE_INFOPLIST_FILE = YES;
				IPHONEOS_DEPLOYMENT_TARGET = 15.0;
				LD_RUNPATH_SEARCH_PATHS = (
					"$(inherited)",
					"@executable_path/Frameworks",
					"@loader_path/Frameworks",
				);
				MARKETING_VERSION = 1.0;
				PRODUCT_BUNDLE_IDENTIFIER = "benleung.currency-conversionTests";
				PRODUCT_NAME = "$(TARGET_NAME)";
				SWIFT_EMIT_LOC_STRINGS = NO;
				SWIFT_VERSION = 5.0;
				TARGETED_DEVICE_FAMILY = "1,2";
				TEST_HOST = "$(BUILT_PRODUCTS_DIR)/currency-conversion.app/currency-conversion";
			};
			name = Release;
		};
		B5AB11962934CC0A00C4DBCD /* Debug */ = {
			isa = XCBuildConfiguration;
			buildSettings = {
				CODE_SIGN_STYLE = Automatic;
				CURRENT_PROJECT_VERSION = 1;
				DEFINES_MODULE = YES;
				DEVELOPMENT_TEAM = 95W8W38P3C;
				DYLIB_COMPATIBILITY_VERSION = 1;
				DYLIB_CURRENT_VERSION = 1;
				DYLIB_INSTALL_NAME_BASE = "@rpath";
				GENERATE_INFOPLIST_FILE = YES;
				INFOPLIST_KEY_NSHumanReadableCopyright = "";
				INSTALL_PATH = "$(LOCAL_LIBRARY_DIR)/Frameworks";
				LD_RUNPATH_SEARCH_PATHS = (
					"$(inherited)",
					"@executable_path/Frameworks",
					"@loader_path/Frameworks",
				);
				MARKETING_VERSION = 1.0;
				PRODUCT_BUNDLE_IDENTIFIER = benleung.Core;
				PRODUCT_NAME = "$(TARGET_NAME:c99extidentifier)";
				SKIP_INSTALL = YES;
				SUPPORTS_MACCATALYST = NO;
				SWIFT_EMIT_LOC_STRINGS = YES;
				SWIFT_VERSION = 5.0;
				TARGETED_DEVICE_FAMILY = 1;
				VERSIONING_SYSTEM = "apple-generic";
				VERSION_INFO_PREFIX = "";
			};
			name = Debug;
		};
		B5AB11972934CC0A00C4DBCD /* Release */ = {
			isa = XCBuildConfiguration;
			buildSettings = {
				CODE_SIGN_STYLE = Automatic;
				CURRENT_PROJECT_VERSION = 1;
				DEFINES_MODULE = YES;
				DEVELOPMENT_TEAM = 95W8W38P3C;
				DYLIB_COMPATIBILITY_VERSION = 1;
				DYLIB_CURRENT_VERSION = 1;
				DYLIB_INSTALL_NAME_BASE = "@rpath";
				GENERATE_INFOPLIST_FILE = YES;
				INFOPLIST_KEY_NSHumanReadableCopyright = "";
				INSTALL_PATH = "$(LOCAL_LIBRARY_DIR)/Frameworks";
				LD_RUNPATH_SEARCH_PATHS = (
					"$(inherited)",
					"@executable_path/Frameworks",
					"@loader_path/Frameworks",
				);
				MARKETING_VERSION = 1.0;
				PRODUCT_BUNDLE_IDENTIFIER = benleung.Core;
				PRODUCT_NAME = "$(TARGET_NAME:c99extidentifier)";
				SKIP_INSTALL = YES;
				SUPPORTS_MACCATALYST = NO;
				SWIFT_EMIT_LOC_STRINGS = YES;
				SWIFT_VERSION = 5.0;
				TARGETED_DEVICE_FAMILY = 1;
				VERSIONING_SYSTEM = "apple-generic";
				VERSION_INFO_PREFIX = "";
			};
			name = Release;
		};
/* End XCBuildConfiguration section */

/* Begin XCConfigurationList section */
		B5AB10FA292E77EF00C4DBCD /* Build configuration list for PBXProject "currency-conversion" */ = {
			isa = XCConfigurationList;
			buildConfigurations = (
				B5AB1127292E77F100C4DBCD /* Debug */,
				B5AB1128292E77F100C4DBCD /* Release */,
			);
			defaultConfigurationIsVisible = 0;
			defaultConfigurationName = Release;
		};
		B5AB1129292E77F100C4DBCD /* Build configuration list for PBXNativeTarget "currency-conversion" */ = {
			isa = XCConfigurationList;
			buildConfigurations = (
				B5AB112A292E77F100C4DBCD /* Debug */,
				B5AB112B292E77F100C4DBCD /* Release */,
			);
			defaultConfigurationIsVisible = 0;
			defaultConfigurationName = Release;
		};
		B5AB112C292E77F100C4DBCD /* Build configuration list for PBXNativeTarget "currency-conversionTests" */ = {
			isa = XCConfigurationList;
			buildConfigurations = (
				B5AB112D292E77F100C4DBCD /* Debug */,
				B5AB112E292E77F100C4DBCD /* Release */,
			);
			defaultConfigurationIsVisible = 0;
			defaultConfigurationName = Release;
		};
		B5AB11952934CC0A00C4DBCD /* Build configuration list for PBXNativeTarget "Core" */ = {
			isa = XCConfigurationList;
			buildConfigurations = (
				B5AB11962934CC0A00C4DBCD /* Debug */,
				B5AB11972934CC0A00C4DBCD /* Release */,
			);
			defaultConfigurationIsVisible = 0;
			defaultConfigurationName = Release;
		};
/* End XCConfigurationList section */

/* Begin XCRemoteSwiftPackageReference section */
		B5AB11642932F5DC00C4DBCD /* XCRemoteSwiftPackageReference "swift-collections" */ = {
			isa = XCRemoteSwiftPackageReference;
			repositoryURL = "https://github.com/apple/swift-collections.git";
			requirement = {
				kind = upToNextMajorVersion;
				minimumVersion = 1.0.0;
			};
		};
/* End XCRemoteSwiftPackageReference section */

/* Begin XCSwiftPackageProductDependency section */
		B5AB11652932F5DC00C4DBCD /* OrderedCollections */ = {
			isa = XCSwiftPackageProductDependency;
			package = B5AB11642932F5DC00C4DBCD /* XCRemoteSwiftPackageReference "swift-collections" */;
			productName = OrderedCollections;
		};
/* End XCSwiftPackageProductDependency section */
	};
	rootObject = B5AB10F7292E77EF00C4DBCD /* Project object */;
}
